
Microsoft Visual Studio Solution File, Format Version 12.00
# Visual Studio Version 16
VisualStudioVersion = 16.0.31729.503
MinimumVisualStudioVersion = 10.0.40219.1
Project("{FAE04EC0-301F-11D3-BF4B-00C04F79EFBC}") = "WinFormsApp3", "WinFormsApp3\WinFormsApp3.csproj", "{713C9418-35E8-49EB-967F-0A563AB30417}"
EndProject
Global
	GlobalSection(SolutionConfigurationPlatforms) = preSolution
		Debug|Any CPU = Debug|Any CPU
		Release|Any CPU = Release|Any CPU
	EndGlobalSection
	GlobalSection(ProjectConfigurationPlatforms) = postSolution
		{713C9418-35E8-49EB-967F-0A563AB30417}.Debug|Any CPU.ActiveCfg = Debug|Any CPU
		{713C9418-35E8-49EB-967F-0A563AB30417}.Debug|Any CPU.Build.0 = Debug|Any CPU
		{713C9418-35E8-49EB-967F-0A563AB30417}.Release|Any CPU.ActiveCfg = Release|Any CPU
		{713C9418-35E8-49EB-967F-0A563AB30417}.Release|Any CPU.Build.0 = Release|Any CPU
	EndGlobalSection
	GlobalSection(SolutionProperties) = preSolution
		HideSolutionNode = FALSE
	EndGlobalSection
	GlobalSection(ExtensibilityGlobals) = postSolution
		SolutionGuid = {FF19F47E-DF23-451B-B806-FEDCA08E901F}
	EndGlobalSection
EndGlobal
